{
  "version": "5",
  "specifiers": {
    "jsr:@std/fs@*": "1.0.19",
    "jsr:@std/fs@0.229.3": "0.229.3",
    "jsr:@std/path@1.0.8": "1.0.8",
    "jsr:@webui/deno-webui@^2.5.8": "2.5.8",
    "jsr:@zip-js/zip-js@2.7.60": "2.7.60",
    "npm:phaser@4.0.0-rc.4": "4.0.0-rc.4"
  },
  "jsr": {
    "@std/fs@0.229.3": {
      "integrity": "783bca21f24da92e04c3893c9e79653227ab016c48e96b3078377ebd5222e6eb"
    },
    "@std/fs@1.0.19": {
      "integrity": "051968c2b1eae4d2ea9f79a08a3845740ef6af10356aff43d3e2ef11ed09fb06"
    },
    "@std/path@1.0.8": {
      "integrity": "548fa456bb6a04d3c1a1e7477986b6cffbce95102d0bb447c67c4ee70e0364be"
    },
    "@webui/deno-webui@2.5.8": {
      "integrity": "c3316d6d103a66f29a672ed7e3773cc73c3e5045173050f5f7726e9350e87d45",
      "dependencies": [
        "jsr:@std/fs@0.229.3",
        "jsr:@std/path",
        "jsr:@zip-js/zip-js"
      ]
    },
    "@zip-js/zip-js@2.7.60": {
      "integrity": "6bb6cf0d02b64ca9acba8c7bc072293609ec3bad584db2b5cf3bb089e031ea0e"
    }
  },
  "npm": {
    "eventemitter3@5.0.1": {
      "integrity": "sha512-GWkBvjiSZK87ELrYOSESUYeVIc9mvLLf/nXalMOS5dYrgZq9o5OVkbZAVM06CVxYsCwH9BDZFPlQTlPA1j4ahA=="
    },
    "phaser@4.0.0-rc.4": {
      "integrity": "sha512-qh1uSWJ0Y89Xz7zP7vS971SIPUkaya1/oYnpE5OSzTG3KMzVZYwYUA1ONkSTx9nE6uvjNoZ0Aq+gPjRVedDtBw==",
      "dependencies": [
        "eventemitter3"
      ]
    }
  }
}
